PATH
  remote: .
  specs:
    bunter (0.0.1)
      activesupport (~> 6.0)
      plist (~> 3.5)
      rubyzip (~> 2.3)
      symbolized (~> 0.0.1)

GEM
  remote: https://rubygems.org/
  specs:
    activesupport (6.1.0)
      concurrent-ruby (~> 1.0, >= 1.0.2)
      i18n (>= 1.6, < 2)
      minitest (>= 5.1)
      tzinfo (~> 2.0)
      zeitwerk (~> 2.3)
    concurrent-ruby (1.1.7)
    i18n (1.8.6)
      concurrent-ruby (~> 1.0)
    minitest (5.14.2)
    plist (3.6.0)
    rake (12.3.3)
    rubyzip (2.3.0)
    symbolized (0.0.1)
    tzinfo (2.0.4)
      concurrent-ruby (~> 1.0)
    yard (0.9.26)
    zeitwerk (2.4.2)

PLATFORMS
  ruby

DEPENDENCIES
  bunter!
  rake (~> 12.0)
  yard (~> 0.9, >= 0.9.20)

BUNDLED WITH
   2.1.4
